<Solution>
  <Project Path="RuntimeInspector.Runtime.csproj" />
  <Project Path="DynamicPanels.Runtime.csproj" />
  <Project Path="Assembly-CSharp.csproj" />
  <Project Path="LeanTransition.csproj" />
  <Project Path="LeanGUI.csproj" />
  <Project Path="LeanCommon.csproj" />
  <Project Path="DynamicPanels.Editor.csproj" />
  <Project Path="LeanTransition.Editor.csproj" />
</Solution>
